
Microsoft Visual Studio Solution File, Format Version 12.00
# Visual Studio 15
VisualStudioVersion = 15.0.26124.0
MinimumVisualStudioVersion = 15.0.26124.0
Project("{2150E333-8FDC-42A3-9474-1A3956D46DE8}") = "src", "src", "{126764B0-91CB-491F-A193-CEB7B699D045}"
EndProject
Project("{FAE04EC0-301F-11D3-BF4B-00C04F79EFBC}") = "GradeBook", "src\GradeBook\GradeBook.csproj", "{D0837E0F-1BA5-4553-9C92-7033CEC9060C}"
EndProject
Project("{2150E333-8FDC-42A3-9474-1A3956D46DE8}") = "test", "test", "{3B54C6EF-D316-4BE6-98C9-2DE1514F228A}"
EndProject
Project("{FAE04EC0-301F-11D3-BF4B-00C04F79EFBC}") = "GradeBook.Tests", "test\GradeBook.Tests\GradeBook.Tests.csproj", "{2E192261-4F1A-4249-AAE7-1BA5E74F0197}"
EndProject
Global
	GlobalSection(SolutionConfigurationPlatforms) = preSolution
		Debug|Any CPU = Debug|Any CPU
		Debug|x64 = Debug|x64
		Debug|x86 = Debug|x86
		Release|Any CPU = Release|Any CPU
		Release|x64 = Release|x64
		Release|x86 = Release|x86
	EndGlobalSection
	GlobalSection(SolutionProperties) = preSolution
		HideSolutionNode = FALSE
	EndGlobalSection
	GlobalSection(ProjectConfigurationPlatforms) = postSolution
		{D0837E0F-1BA5-4553-9C92-7033CEC9060C}.Debug|Any CPU.ActiveCfg = Debug|Any CPU
		{D0837E0F-1BA5-4553-9C92-7033CEC9060C}.Debug|Any CPU.Build.0 = Debug|Any CPU
		{D0837E0F-1BA5-4553-9C92-7033CEC9060C}.Debug|x64.ActiveCfg = Debug|Any CPU
		{D0837E0F-1BA5-4553-9C92-7033CEC9060C}.Debug|x64.Build.0 = Debug|Any CPU
		{D0837E0F-1BA5-4553-9C92-7033CEC9060C}.Debug|x86.ActiveCfg = Debug|Any CPU
		{D0837E0F-1BA5-4553-9C92-7033CEC9060C}.Debug|x86.Build.0 = Debug|Any CPU
		{D0837E0F-1BA5-4553-9C92-7033CEC9060C}.Release|Any CPU.ActiveCfg = Release|Any CPU
		{D0837E0F-1BA5-4553-9C92-7033CEC9060C}.Release|Any CPU.Build.0 = Release|Any CPU
		{D0837E0F-1BA5-4553-9C92-7033CEC9060C}.Release|x64.ActiveCfg = Release|Any CPU
		{D0837E0F-1BA5-4553-9C92-7033CEC9060C}.Release|x64.Build.0 = Release|Any CPU
		{D0837E0F-1BA5-4553-9C92-7033CEC9060C}.Release|x86.ActiveCfg = Release|Any CPU
		{D0837E0F-1BA5-4553-9C92-7033CEC9060C}.Release|x86.Build.0 = Release|Any CPU
		{2E192261-4F1A-4249-AAE7-1BA5E74F0197}.Debug|Any CPU.ActiveCfg = Debug|Any CPU
		{2E192261-4F1A-4249-AAE7-1BA5E74F0197}.Debug|Any CPU.Build.0 = Debug|Any CPU
		{2E192261-4F1A-4249-AAE7-1BA5E74F0197}.Debug|x64.ActiveCfg = Debug|Any CPU
		{2E192261-4F1A-4249-AAE7-1BA5E74F0197}.Debug|x64.Build.0 = Debug|Any CPU
		{2E192261-4F1A-4249-AAE7-1BA5E74F0197}.Debug|x86.ActiveCfg = Debug|Any CPU
		{2E192261-4F1A-4249-AAE7-1BA5E74F0197}.Debug|x86.Build.0 = Debug|Any CPU
		{2E192261-4F1A-4249-AAE7-1BA5E74F0197}.Release|Any CPU.ActiveCfg = Release|Any CPU
		{2E192261-4F1A-4249-AAE7-1BA5E74F0197}.Release|Any CPU.Build.0 = Release|Any CPU
		{2E192261-4F1A-4249-AAE7-1BA5E74F0197}.Release|x64.ActiveCfg = Release|Any CPU
		{2E192261-4F1A-4249-AAE7-1BA5E74F0197}.Release|x64.Build.0 = Release|Any CPU
		{2E192261-4F1A-4249-AAE7-1BA5E74F0197}.Release|x86.ActiveCfg = Release|Any CPU
		{2E192261-4F1A-4249-AAE7-1BA5E74F0197}.Release|x86.Build.0 = Release|Any CPU
	EndGlobalSection
	GlobalSection(NestedProjects) = preSolution
		{D0837E0F-1BA5-4553-9C92-7033CEC9060C} = {126764B0-91CB-491F-A193-CEB7B699D045}
		{2E192261-4F1A-4249-AAE7-1BA5E74F0197} = {3B54C6EF-D316-4BE6-98C9-2DE1514F228A}
	EndGlobalSection
EndGlobal
